// !$*UTF8*$!
{
	archiveVersion = 1;
	classes = {
	};
	objectVersion = 46;
	objects = {

/* Begin PBXBuildFile section */
		791487231DB5791E006ECE5E /* ButtonTableViewCell.swift in Sources */ = {isa = PBXBuildFile; fileRef = 791487221DB5791E006ECE5E /* ButtonTableViewCell.swift */; };
		794E0B4E1DB3168F00873541 /* AppDelegate.swift in Sources */ = {isa = PBXBuildFile; fileRef = 794E0B4D1DB3168F00873541 /* AppDelegate.swift */; };
		794E0B531DB3169000873541 /* Main.storyboard in Resources */ = {isa = PBXBuildFile; fileRef = 794E0B511DB3169000873541 /* Main.storyboard */; };
		794E0B551DB3169000873541 /* Assets.xcassets in Resources */ = {isa = PBXBuildFile; fileRef = 794E0B541DB3169000873541 /* Assets.xcassets */; };
		794E0B581DB3169000873541 /* LaunchScreen.storyboard in Resources */ = {isa = PBXBuildFile; fileRef = 794E0B561DB3169000873541 /* LaunchScreen.storyboard */; };
		794E0B631DB3169000873541 /* TaskSwift3Tests.swift in Sources */ = {isa = PBXBuildFile; fileRef = 794E0B621DB3169000873541 /* TaskSwift3Tests.swift */; };
		794E0B6E1DB318C900873541 /* ListTableViewController.swift in Sources */ = {isa = PBXBuildFile; fileRef = 794E0B6D1DB318C900873541 /* ListTableViewController.swift */; };
		794E0B701DB318EA00873541 /* DetailViewController.swift in Sources */ = {isa = PBXBuildFile; fileRef = 794E0B6F1DB318EA00873541 /* DetailViewController.swift */; };
		794E0B801DB31FAA00873541 /* TaskController.swift in Sources */ = {isa = PBXBuildFile; fileRef = 794E0B7F1DB31FAA00873541 /* TaskController.swift */; };
		79FF2D231DB43F9B00A242FF /* CoreDataStack.swift in Sources */ = {isa = PBXBuildFile; fileRef = 79FF2D221DB43F9B00A242FF /* CoreDataStack.swift */; };
		79FF2D261DB43FF700A242FF /* Task.xcdatamodeld in Sources */ = {isa = PBXBuildFile; fileRef = 79FF2D241DB43FF700A242FF /* Task.xcdatamodeld */; };
		79FF2D281DB4446500A242FF /* Task+Convenience.swift in Sources */ = {isa = PBXBuildFile; fileRef = 79FF2D271DB4446500A242FF /* Task+Convenience.swift */; };
/* End PBXBuildFile section */

/* Begin PBXContainerItemProxy section */
		794E0B5F1DB3169000873541 /* PBXContainerItemProxy */ = {
			isa = PBXContainerItemProxy;
			containerPortal = 794E0B421DB3168F00873541 /* Project object */;
			proxyType = 1;
			remoteGlobalIDString = 794E0B491DB3168F00873541;
			remoteInfo = TaskSwift3;
		};
/* End PBXContainerItemProxy section */

/* Begin PBXFileReference section */
		791487221DB5791E006ECE5E /* ButtonTableViewCell.swift */ = {isa = PBXFileReference; fileEncoding = 4; lastKnownFileType = sourcecode.swift; path = ButtonTableViewCell.swift; sourceTree = "<group>"; };
		794E0B4A1DB3168F00873541 /* TaskSwift3.app */ = {isa = PBXFileReference; explicitFileType = wrapper.application; includeInIndex = 0; path = TaskSwift3.app; sourceTree = BUILT_PRODUCTS_DIR; };
		794E0B4D1DB3168F00873541 /* AppDelegate.swift */ = {isa = PBXFileReference; lastKnownFileType = sourcecode.swift; path = AppDelegate.swift; sourceTree = "<group>"; };
		794E0B521DB3169000873541 /* Base */ = {isa = PBXFileReference; lastKnownFileType = file.storyboard; name = Base; path = Base.lproj/Main.storyboard; sourceTree = "<group>"; };
		794E0B541DB3169000873541 /* Assets.xcassets */ = {isa = PBXFileReference; lastKnownFileType = folder.assetcatalog; path = Assets.xcassets; sourceTree = "<group>"; };
		794E0B571DB3169000873541 /* Base */ = {isa = PBXFileReference; lastKnownFileType = file.storyboard; name = Base; path = Base.lproj/LaunchScreen.storyboard; sourceTree = "<group>"; };
		794E0B591DB3169000873541 /* Info.plist */ = {isa = PBXFileReference; lastKnownFileType = text.plist.xml; path = Info.plist; sourceTree = "<group>"; };
		794E0B5E1DB3169000873541 /* TaskSwift3Tests.xctest */ = {isa = PBXFileReference; explicitFileType = wrapper.cfbundle; includeInIndex = 0; path = TaskSwift3Tests.xctest; sourceTree = BUILT_PRODUCTS_DIR; };
		794E0B621DB3169000873541 /* TaskSwift3Tests.swift */ = {isa = PBXFileReference; lastKnownFileType = sourcecode.swift; path = TaskSwift3Tests.swift; sourceTree = "<group>"; };
		794E0B641DB3169000873541 /* Info.plist */ = {isa = PBXFileReference; lastKnownFileType = text.plist.xml; path = Info.plist; sourceTree = "<group>"; };
		794E0B6D1DB318C900873541 /* ListTableViewController.swift */ = {isa = PBXFileReference; fileEncoding = 4; lastKnownFileType = sourcecode.swift; path = ListTableViewController.swift; sourceTree = "<group>"; };
		794E0B6F1DB318EA00873541 /* DetailViewController.swift */ = {isa = PBXFileReference; fileEncoding = 4; lastKnownFileType = sourcecode.swift; path = DetailViewController.swift; sourceTree = "<group>"; };
		794E0B7F1DB31FAA00873541 /* TaskController.swift */ = {isa = PBXFileReference; fileEncoding = 4; lastKnownFileType = sourcecode.swift; name = TaskController.swift; path = ../TaskController.swift; sourceTree = "<group>"; };
		79FF2D221DB43F9B00A242FF /* CoreDataStack.swift */ = {isa = PBXFileReference; fileEncoding = 4; lastKnownFileType = sourcecode.swift; name = CoreDataStack.swift; path = ../CoreDataStack.swift; sourceTree = "<group>"; };
		79FF2D251DB43FF700A242FF /* Task.xcdatamodel */ = {isa = PBXFileReference; lastKnownFileType = wrapper.xcdatamodel; path = Task.xcdatamodel; sourceTree = "<group>"; };
		79FF2D271DB4446500A242FF /* Task+Convenience.swift */ = {isa = PBXFileReference; fileEncoding = 4; lastKnownFileType = sourcecode.swift; path = "Task+Convenience.swift"; sourceTree = "<group>"; };
/* End PBXFileReference section */

/* Begin PBXFrameworksBuildPhase section */
		794E0B471DB3168F00873541 /* Frameworks */ = {
			isa = PBXFrameworksBuildPhase;
			buildActionMask = 2147483647;
			files = (
			);
			runOnlyForDeploymentPostprocessing = 0;
		};
		794E0B5B1DB3169000873541 /* Frameworks */ = {
			isa = PBXFrameworksBuildPhase;
			buildActionMask = 2147483647;
			files = (
			);
			runOnlyForDeploymentPostprocessing = 0;
		};
/* End PBXFrameworksBuildPhase section */

/* Begin PBXGroup section */
		794E0B411DB3168F00873541 = {
			isa = PBXGroup;
			children = (
				794E0B4C1DB3168F00873541 /* TaskSwift3 */,
				794E0B611DB3169000873541 /* TaskSwift3Tests */,
				794E0B4B1DB3168F00873541 /* Products */,
			);
			sourceTree = "<group>";
		};
		794E0B4B1DB3168F00873541 /* Products */ = {
			isa = PBXGroup;
			children = (
				794E0B4A1DB3168F00873541 /* TaskSwift3.app */,
				794E0B5E1DB3169000873541 /* TaskSwift3Tests.xctest */,
			);
			name = Products;
			sourceTree = "<group>";
		};
		794E0B4C1DB3168F00873541 /* TaskSwift3 */ = {
			isa = PBXGroup;
			children = (
				794E0B4D1DB3168F00873541 /* AppDelegate.swift */,
				794E0B511DB3169000873541 /* Main.storyboard */,
				794E0B7C1DB31F4200873541 /* Model */,
				794E0B7D1DB31F5600873541 /* ModelController */,
				794E0B7E1DB31F6000873541 /* ViewController */,
				7955AF601DB5887B006CE009 /* TableViewCell */,
				794E0B561DB3169000873541 /* LaunchScreen.storyboard */,
				794E0B541DB3169000873541 /* Assets.xcassets */,
				794E0B591DB3169000873541 /* Info.plist */,
			);
			path = TaskSwift3;
			sourceTree = "<group>";
		};
		794E0B611DB3169000873541 /* TaskSwift3Tests */ = {
			isa = PBXGroup;
			children = (
				794E0B621DB3169000873541 /* TaskSwift3Tests.swift */,
				794E0B641DB3169000873541 /* Info.plist */,
			);
			path = TaskSwift3Tests;
			sourceTree = "<group>";
		};
		794E0B7C1DB31F4200873541 /* Model */ = {
			isa = PBXGroup;
			children = (
				79FF2D221DB43F9B00A242FF /* CoreDataStack.swift */,
				79FF2D271DB4446500A242FF /* Task+Convenience.swift */,
				79FF2D241DB43FF700A242FF /* Task.xcdatamodeld */,
			);
			name = Model;
			sourceTree = "<group>";
		};
		794E0B7D1DB31F5600873541 /* ModelController */ = {
			isa = PBXGroup;
			children = (
				794E0B7F1DB31FAA00873541 /* TaskController.swift */,
			);
			name = ModelController;
			sourceTree = "<group>";
		};
		794E0B7E1DB31F6000873541 /* ViewController */ = {
			isa = PBXGroup;
			children = (
				794E0B6D1DB318C900873541 /* ListTableViewController.swift */,
				794E0B6F1DB318EA00873541 /* DetailViewController.swift */,
			);
			name = ViewController;
			sourceTree = "<group>";
		};
		7955AF601DB5887B006CE009 /* TableViewCell */ = {
			isa = PBXGroup;
			children = (
				791487221DB5791E006ECE5E /* ButtonTableViewCell.swift */,
			);
			name = TableViewCell;
			sourceTree = "<group>";
		};
/* End PBXGroup section */

/* Begin PBXNativeTarget section */
		794E0B491DB3168F00873541 /* TaskSwift3 */ = {
			isa = PBXNativeTarget;
			buildConfigurationList = 794E0B671DB3169000873541 /* Build configuration list for PBXNativeTarget "TaskSwift3" */;
			buildPhases = (
				794E0B461DB3168F00873541 /* Sources */,
				794E0B471DB3168F00873541 /* Frameworks */,
				794E0B481DB3168F00873541 /* Resources */,
			);
			buildRules = (
			);
			dependencies = (
			);
			name = TaskSwift3;
			productName = TaskSwift3;
			productReference = 794E0B4A1DB3168F00873541 /* TaskSwift3.app */;
			productType = "com.apple.product-type.application";
		};
		794E0B5D1DB3169000873541 /* TaskSwift3Tests */ = {
			isa = PBXNativeTarget;
			buildConfigurationList = 794E0B6A1DB3169000873541 /* Build configuration list for PBXNativeTarget "TaskSwift3Tests" */;
			buildPhases = (
				794E0B5A1DB3169000873541 /* Sources */,
				794E0B5B1DB3169000873541 /* Frameworks */,
				794E0B5C1DB3169000873541 /* Resources */,
			);
			buildRules = (
			);
			dependencies = (
				794E0B601DB3169000873541 /* PBXTargetDependency */,
			);
			name = TaskSwift3Tests;
			productName = TaskSwift3Tests;
			productReference = 794E0B5E1DB3169000873541 /* TaskSwift3Tests.xctest */;
			productType = "com.apple.product-type.bundle.unit-test";
		};
/* End PBXNativeTarget section */

/* Begin PBXProject section */
		794E0B421DB3168F00873541 /* Project object */ = {
			isa = PBXProject;
			attributes = {
				LastSwiftUpdateCheck = 0800;
				LastUpgradeCheck = 0800;
				ORGANIZATIONNAME = "Patrick Pahl";
				TargetAttributes = {
					794E0B491DB3168F00873541 = {
						CreatedOnToolsVersion = 8.0;
						ProvisioningStyle = Automatic;
					};
					794E0B5D1DB3169000873541 = {
						CreatedOnToolsVersion = 8.0;
						ProvisioningStyle = Automatic;
						TestTargetID = 794E0B491DB3168F00873541;
					};
				};
			};
			buildConfigurationList = 794E0B451DB3168F00873541 /* Build configuration list for PBXProject "TaskSwift3" */;
			compatibilityVersion = "Xcode 3.2";
			developmentRegion = English;
			hasScannedForEncodings = 0;
			knownRegions = (
				en,
				Base,
			);
			mainGroup = 794E0B411DB3168F00873541;
			productRefGroup = 794E0B4B1DB3168F00873541 /* Products */;
			projectDirPath = "";
			projectRoot = "";
			targets = (
				794E0B491DB3168F00873541 /* TaskSwift3 */,
				794E0B5D1DB3169000873541 /* TaskSwift3Tests */,
			);
		};
/* End PBXProject section */

/* Begin PBXResourcesBuildPhase section */
		794E0B481DB3168F00873541 /* Resources */ = {
			isa = PBXResourcesBuildPhase;
			buildActionMask = 2147483647;
			files = (
				794E0B581DB3169000873541 /* LaunchScreen.storyboard in Resources */,
				794E0B551DB3169000873541 /* Assets.xcassets in Resources */,
				794E0B531DB3169000873541 /* Main.storyboard in Resources */,
			);
			runOnlyForDeploymentPostprocessing = 0;
		};
		794E0B5C1DB3169000873541 /* Resources */ = {
			isa = PBXResourcesBuildPhase;
			buildActionMask = 2147483647;
			files = (
			);
			runOnlyForDeploymentPostprocessing = 0;
		};
/* End PBXResourcesBuildPhase section */

/* Begin PBXSourcesBuildPhase section */
		794E0B461DB3168F00873541 /* Sources */ = {
			isa = PBXSourcesBuildPhase;
			buildActionMask = 2147483647;
			files = (
				79FF2D261DB43FF700A242FF /* Task.xcdatamodeld in Sources */,
				794E0B701DB318EA00873541 /* DetailViewController.swift in Sources */,
				794E0B4E1DB3168F00873541 /* AppDelegate.swift in Sources */,
				791487231DB5791E006ECE5E /* ButtonTableViewCell.swift in Sources */,
				79FF2D231DB43F9B00A242FF /* CoreDataStack.swift in Sources */,
				794E0B801DB31FAA00873541 /* TaskController.swift in Sources */,
				794E0B6E1DB318C900873541 /* ListTableViewController.swift in Sources */,
				79FF2D281DB4446500A242FF /* Task+Convenience.swift in Sources */,
			);
			runOnlyForDeploymentPostprocessing = 0;
		};
		794E0B5A1DB3169000873541 /* Sources */ = {
			isa = PBXSourcesBuildPhase;
			buildActionMask = 2147483647;
			files = (
				794E0B631DB3169000873541 /* TaskSwift3Tests.swift in Sources */,
			);
			runOnlyForDeploymentPostprocessing = 0;
		};
/* End PBXSourcesBuildPhase section */

/* Begin PBXTargetDependency section */
		794E0B601DB3169000873541 /* PBXTargetDependency */ = {
			isa = PBXTargetDependency;
			target = 794E0B491DB3168F00873541 /* TaskSwift3 */;
			targetProxy = 794E0B5F1DB3169000873541 /* PBXContainerItemProxy */;
		};
/* End PBXTargetDependency section */

/* Begin PBXVariantGroup section */
		794E0B511DB3169000873541 /* Main.storyboard */ = {
			isa = PBXVariantGroup;
			children = (
				794E0B521DB3169000873541 /* Base */,
			);
			name = Main.storyboard;
			sourceTree = "<group>";
		};
		794E0B561DB3169000873541 /* LaunchScreen.storyboard */ = {
			isa = PBXVariantGroup;
			children = (
				794E0B571DB3169000873541 /* Base */,
			);
			name = LaunchScreen.storyboard;
			sourceTree = "<group>";
		};
/* End PBXVariantGroup section */

/* Begin XCBuildConfiguration section */
		794E0B651DB3169000873541 /* Debug */ = {
			isa = XCBuildConfiguration;
			buildSettings = {
				ALWAYS_SEARCH_USER_PATHS = NO;
				CLANG_ANALYZER_NONNULL = YES;
				CLANG_CXX_LANGUAGE_STANDARD = "gnu++0x";
				CLANG_CXX_LIBRARY = "libc++";
				CLANG_ENABLE_MODULES = YES;
				CLANG_ENABLE_OBJC_ARC = YES;
				CLANG_WARN_BOOL_CONVERSION = YES;
				CLANG_WARN_CONSTANT_CONVERSION = YES;
				CLANG_WARN_DIRECT_OBJC_ISA_USAGE = YES_ERROR;
				CLANG_WARN_DOCUMENTATION_COMMENTS = YES;
				CLANG_WARN_EMPTY_BODY = YES;
				CLANG_WARN_ENUM_CONVERSION = YES;
				CLANG_WARN_INFINITE_RECURSION = YES;
				CLANG_WARN_INT_CONVERSION = YES;
				CLANG_WARN_OBJC_ROOT_CLASS = YES_ERROR;
				CLANG_WARN_SUSPICIOUS_MOVES = YES;
				CLANG_WARN_UNREACHABLE_CODE = YES;
				CLANG_WARN__DUPLICATE_METHOD_MATCH = YES;
				"CODE_SIGN_IDENTITY[sdk=iphoneos*]" = "iPhone Developer";
				COPY_PHASE_STRIP = NO;
				DEBUG_INFORMATION_FORMAT = dwarf;
				ENABLE_STRICT_OBJC_MSGSEND = YES;
				ENABLE_TESTABILITY = YES;
				GCC_C_LANGUAGE_STANDARD = gnu99;
				GCC_DYNAMIC_NO_PIC = NO;
				GCC_NO_COMMON_BLOCKS = YES;
				GCC_OPTIMIZATION_LEVEL = 0;
				GCC_PREPROCESSOR_DEFINITIONS = (
					"DEBUG=1",
					"$(inherited)",
				);
				GCC_WARN_64_TO_32_BIT_CONVERSION = YES;
				GCC_WARN_ABOUT_RETURN_TYPE = YES_ERROR;
				GCC_WARN_UNDECLARED_SELECTOR = YES;
				GCC_WARN_UNINITIALIZED_AUTOS = YES_AGGRESSIVE;
				GCC_WARN_UNUSED_FUNCTION = YES;
				GCC_WARN_UNUSED_VARIABLE = YES;
				IPHONEOS_DEPLOYMENT_TARGET = 10.0;
				MTL_ENABLE_DEBUG_INFO = YES;
				ONLY_ACTIVE_ARCH = YES;
				SDKROOT = iphoneos;
				SWIFT_ACTIVE_COMPILATION_CONDITIONS = DEBUG;
				SWIFT_OPTIMIZATION_LEVEL = "-Onone";
				TARGETED_DEVICE_FAMILY = "1,2";
			};
			name = Debug;
		};
		794E0B661DB3169000873541 /* Release */ = {
			isa = XCBuildConfiguration;
			buildSettings = {
				ALWAYS_SEARCH_USER_PATHS = NO;
				CLANG_ANALYZER_NONNULL = YES;
				CLANG_CXX_LANGUAGE_STANDARD = "gnu++0x";
				CLANG_CXX_LIBRARY = "libc++";
				CLANG_ENABLE_MODULES = YES;
				CLANG_ENABLE_OBJC_ARC = YES;
				CLANG_WARN_BOOL_CONVERSION = YES;
				CLANG_WARN_CONSTANT_CONVERSION = YES;
				CLANG_WARN_DIRECT_OBJC_ISA_USAGE = YES_ERROR;
				CLANG_WARN_DOCUMENTATION_COMMENTS = YES;
				CLANG_WARN_EMPTY_BODY = YES;
				CLANG_WARN_ENUM_CONVERSION = YES;
				CLANG_WARN_INFINITE_RECURSION = YES;
				CLANG_WARN_INT_CONVERSION = YES;
				CLANG_WARN_OBJC_ROOT_CLASS = YES_ERROR;
				CLANG_WARN_SUSPICIOUS_MOVES = YES;
				CLANG_WARN_UNREACHABLE_CODE = YES;
				CLANG_WARN__DUPLICATE_METHOD_MATCH = YES;
				"CODE_SIGN_IDENTITY[sdk=iphoneos*]" = "iPhone Developer";
				COPY_PHASE_STRIP = NO;
				DEBUG_INFORMATION_FORMAT = "dwarf-with-dsym";
				ENABLE_NS_ASSERTIONS = NO;
				ENABLE_STRICT_OBJC_MSGSEND = YES;
				GCC_C_LANGUAGE_STANDARD = gnu99;
				GCC_NO_COMMON_BLOCKS = YES;
				GCC_WARN_64_TO_32_BIT_CONVERSION = YES;
				GCC_WARN_ABOUT_RETURN_TYPE = YES_ERROR;
				GCC_WARN_UNDECLARED_SELECTOR = YES;
				GCC_WARN_UNINITIALIZED_AUTOS = YES_AGGRESSIVE;
				GCC_WARN_UNUSED_FUNCTION = YES;
				GCC_WARN_UNUSED_VARIABLE = YES;
				IPHONEOS_DEPLOYMENT_TARGET = 10.0;
				MTL_ENABLE_DEBUG_INFO = NO;
				SDKROOT = iphoneos;
				SWIFT_OPTIMIZATION_LEVEL = "-Owholemodule";
				TARGETED_DEVICE_FAMILY = "1,2";
				VALIDATE_PRODUCT = YES;
			};
			name = Release;
		};
		794E0B681DB3169000873541 /* Debug */ = {
			isa = XCBuildConfiguration;
			buildSettings = {
				ASSETCATALOG_COMPILER_APPICON_NAME = AppIcon;
				INFOPLIST_FILE = TaskSwift3/Info.plist;
				LD_RUNPATH_SEARCH_PATHS = "$(inherited) @executable_path/Frameworks";
				PRODUCT_BUNDLE_IDENTIFIER = "Patrick-Pahl.TaskSwift3";
				PRODUCT_NAME = "$(TARGET_NAME)";
				SWIFT_VERSION = 3.0;
			};
			name = Debug;
		};
		794E0B691DB3169000873541 /* Release */ = {
			isa = XCBuildConfiguration;
			buildSettings = {
				ASSETCATALOG_COMPILER_APPICON_NAME = AppIcon;
				INFOPLIST_FILE = TaskSwift3/Info.plist;
				LD_RUNPATH_SEARCH_PATHS = "$(inherited) @executable_path/Frameworks";
				PRODUCT_BUNDLE_IDENTIFIER = "Patrick-Pahl.TaskSwift3";
				PRODUCT_NAME = "$(TARGET_NAME)";
				SWIFT_VERSION = 3.0;
			};
			name = Release;
		};
		794E0B6B1DB3169000873541 /* Debug */ = {
			isa = XCBuildConfiguration;
			buildSettings = {
				ALWAYS_EMBED_SWIFT_STANDARD_LIBRARIES = YES;
				BUNDLE_LOADER = "$(TEST_HOST)";
				INFOPLIST_FILE = TaskSwift3Tests/Info.plist;
				LD_RUNPATH_SEARCH_PATHS = "$(inherited) @executable_path/Frameworks @loader_path/Frameworks";
				PRODUCT_BUNDLE_IDENTIFIER = "Patrick-Pahl.TaskSwift3Tests";
				PRODUCT_NAME = "$(TARGET_NAME)";
				SWIFT_VERSION = 3.0;
				TEST_HOST = "$(BUILT_PRODUCTS_DIR)/TaskSwift3.app/TaskSwift3";
			};
			name = Debug;
		};
		794E0B6C1DB3169000873541 /* Release */ = {
			isa = XCBuildConfiguration;
			buildSettings = {
				ALWAYS_EMBED_SWIFT_STANDARD_LIBRARIES = YES;
				BUNDLE_LOADER = "$(TEST_HOST)";
				INFOPLIST_FILE = TaskSwift3Tests/Info.plist;
				LD_RUNPATH_SEARCH_PATHS = "$(inherited) @executable_path/Frameworks @loader_path/Frameworks";
				PRODUCT_BUNDLE_IDENTIFIER = "Patrick-Pahl.TaskSwift3Tests";
				PRODUCT_NAME = "$(TARGET_NAME)";
				SWIFT_VERSION = 3.0;
				TEST_HOST = "$(BUILT_PRODUCTS_DIR)/TaskSwift3.app/TaskSwift3";
			};
			name = Release;
		};
/* End XCBuildConfiguration section */

/* Begin XCConfigurationList section */
		794E0B451DB3168F00873541 /* Build configuration list for PBXProject "TaskSwift3" */ = {
			isa = XCConfigurationList;
			buildConfigurations = (
				794E0B651DB3169000873541 /* Debug */,
				794E0B661DB3169000873541 /* Release */,
			);
			defaultConfigurationIsVisible = 0;
			defaultConfigurationName = Release;
		};
		794E0B671DB3169000873541 /* Build configuration list for PBXNativeTarget "TaskSwift3" */ = {
			isa = XCConfigurationList;
			buildConfigurations = (
				794E0B681DB3169000873541 /* Debug */,
				794E0B691DB3169000873541 /* Release */,
			);
			defaultConfigurationIsVisible = 0;
			defaultConfigurationName = Release;
		};
		794E0B6A1DB3169000873541 /* Build configuration list for PBXNativeTarget "TaskSwift3Tests" */ = {
			isa = XCConfigurationList;
			buildConfigurations = (
				794E0B6B1DB3169000873541 /* Debug */,
				794E0B6C1DB3169000873541 /* Release */,
			);
			defaultConfigurationIsVisible = 0;
			defaultConfigurationName = Release;
		};
/* End XCConfigurationList section */

/* Begin XCVersionGroup section */
		79FF2D241DB43FF700A242FF /* Task.xcdatamodeld */ = {
			isa = XCVersionGroup;
			children = (
				79FF2D251DB43FF700A242FF /* Task.xcdatamodel */,
			);
			currentVersion = 79FF2D251DB43FF700A242FF /* Task.xcdatamodel */;
			path = Task.xcdatamodeld;
			sourceTree = "<group>";
			versionGroupType = wrapper.xcdatamodel;
		};
/* End XCVersionGroup section */
	};
	rootObject = 794E0B421DB3168F00873541 /* Project object */;
}
